<?xml version="1.0" encoding="utf-8"?>
<Project ToolsVersion="4.0" xmlns="http://schemas.microsoft.com/developer/msbuild/2003">
  <ItemGroup>
    <Filter Include="Source Files">
      <UniqueIdentifier>{4FC737F1-C7A5-4376-A066-2A32D752A2FF}</UniqueIdentifier>
      <Extensions>cpp;c;cc;cxx;c++;cppm;ixx;def;odl;idl;hpj;bat;asm;asmx</Extensions>
    </Filter>
    <Filter Include="Header Files">
      <UniqueIdentifier>{93995380-89BD-4b04-88EB-625FBE52EBFB}</UniqueIdentifier>
      <Extensions>h;hh;hpp;hxx;h++;hm;inl;inc;ipp;xsd</Extensions>
    </Filter>
    <Filter Include="Resource Files">
      <UniqueIdentifier>{67DA6AB6-F800-4c08-8B7A-83BB121AAD01}</UniqueIdentifier>
      <Extensions>rc;ico;cur;bmp;dlg;rc2;rct;bin;rgs;gif;jpg;jpeg;jpe;resx;tiff;tif;png;wav;mfcribbon-ms</Extensions>
    </Filter>
  </ItemGroup>
  <ItemGroup>
    <ClCompile Include="main.cpp">
      <Filter>Source Files</Filter>
    </ClCompile>
    <ClCompile Include="Cpu.cxx">
      <Filter>Source Files</Filter>
    </ClCompile>
    <ClCompile Include="Gameboy.cxx">
      <Filter>Source Files</Filter>
    </ClCompile>
    <ClCompile Include="Memory.cxx">
      <Filter>Source Files</Filter>
    </ClCompile>
    <ClCompile Include="MemoryBank.cxx">
      <Filter>Source Files</Filter>
    </ClCompile>
    <ClCompile Include="Ppu.cxx">
      <Filter>Source Files</Filter>
    </ClCompile>
    <ClCompile Include="RegisterCollection.cxx">
      <Filter>Source Files</Filter>
    </ClCompile>
    <ClCompile Include="Window.cpp">
      <Filter>Source Files</Filter>
    </ClCompile>
    <ClCompile Include="MainWindow.cpp">
      <Filter>Source Files</Filter>
    </ClCompile>
    <ClCompile Include="MainWindowMenu.cpp">
      <Filter>Source Files</Filter>
    </ClCompile>
    <ClCompile Include="vramWindow.cpp">
      <Filter>Source Files</Filter>
    </ClCompile>
    <ClCompile Include="Controls.cpp">
      <Filter>Source Files</Filter>
    </ClCompile>
    <ClCompile Include="ContextMenu.cpp">
      <Filter>Source Files</Filter>
    </ClCompile>
    <ClCompile Include="Button.cpp">
      <Filter>Source Files</Filter>
    </ClCompile>
    <ClCompile Include="VramWindowMenu.cpp">
      <Filter>Source Files</Filter>
    </ClCompile>
    <ClCompile Include="Apu.cpp">
      <Filter>Source Files</Filter>
    </ClCompile>
  </ItemGroup>
  <ItemGroup>
    <ClInclude Include="Cpu.hxx">
      <Filter>Header Files</Filter>
    </ClInclude>
    <ClInclude Include="Gameboy.hxx">
      <Filter>Header Files</Filter>
    </ClInclude>
    <ClInclude Include="Memory.hxx">
      <Filter>Header Files</Filter>
    </ClInclude>
    <ClInclude Include="MemoryBank.hxx">
      <Filter>Header Files</Filter>
    </ClInclude>
    <ClInclude Include="Ppu.hxx">
      <Filter>Header Files</Filter>
    </ClInclude>
    <ClInclude Include="RegisterCollection.hxx">
      <Filter>Header Files</Filter>
    </ClInclude>
    <ClInclude Include="Types.hxx">
      <Filter>Header Files</Filter>
    </ClInclude>
    <ClInclude Include="Window.hxx">
      <Filter>Header Files</Filter>
    </ClInclude>
    <ClInclude Include="MainWindowMenu.hxx">
      <Filter>Header Files</Filter>
    </ClInclude>
    <ClInclude Include="MainWindow.hxx">
      <Filter>Header Files</Filter>
    </ClInclude>
    <ClInclude Include="VramWindow.hxx">
      <Filter>Header Files</Filter>
    </ClInclude>
    <ClInclude Include="Controls.hxx">
      <Filter>Header Files</Filter>
    </ClInclude>
    <ClInclude Include="ContextMenu.hxx">
      <Filter>Header Files</Filter>
    </ClInclude>
    <ClInclude Include="Button.hxx">
      <Filter>Header Files</Filter>
    </ClInclude>
    <ClInclude Include="VramWindowMenu.hxx">
      <Filter>Header Files</Filter>
    </ClInclude>
    <ClInclude Include="Apu.hxx">
      <Filter>Header Files</Filter>
    </ClInclude>
  </ItemGroup>
  <ItemGroup>
    <None Include="ClassDiagram.cd" />
  </ItemGroup>
</Project>